// !$*UTF8*$!
{
	archiveVersion = 1;
	classes = {
	};
	objectVersion = 46;
	objects = {

/* Begin PBXBuildFile section */
		F2CB0AEC1BD7231500432562 /* main.m in Sources */ = {isa = PBXBuildFile; fileRef = F2CB0AEB1BD7231500432562 /* main.m */; };
		F2CB0AEF1BD7231500432562 /* AppDelegate.m in Sources */ = {isa = PBXBuildFile; fileRef = F2CB0AEE1BD7231500432562 /* AppDelegate.m */; };
		F2CB0AF21BD7231500432562 /* OrderedListVC.m in Sources */ = {isa = PBXBuildFile; fileRef = F2CB0AF11BD7231500432562 /* OrderedListVC.m */; };
		F2CB0AF51BD7231500432562 /* Main.storyboard in Resources */ = {isa = PBXBuildFile; fileRef = F2CB0AF31BD7231500432562 /* Main.storyboard */; };
		F2CB0AF71BD7231500432562 /* Assets.xcassets in Resources */ = {isa = PBXBuildFile; fileRef = F2CB0AF61BD7231500432562 /* Assets.xcassets */; };
		F2CB0AFA1BD7231500432562 /* LaunchScreen.storyboard in Resources */ = {isa = PBXBuildFile; fileRef = F2CB0AF81BD7231500432562 /* LaunchScreen.storyboard */; };
		F2CB0B051BD7231600432562 /* OrderedListTests.m in Sources */ = {isa = PBXBuildFile; fileRef = F2CB0B041BD7231600432562 /* OrderedListTests.m */; };
		F2CB0BA91BD872FB00432562 /* mediumText.txt in Resources */ = {isa = PBXBuildFile; fileRef = F2CB0BA81BD872FB00432562 /* mediumText.txt */; settings = {ASSET_TAGS = (); }; };
		F2CB0BAB1BD8730900432562 /* largeText.txt in Resources */ = {isa = PBXBuildFile; fileRef = F2CB0BAA1BD8730900432562 /* largeText.txt */; settings = {ASSET_TAGS = (); }; };
/* End PBXBuildFile section */

/* Begin PBXContainerItemProxy section */
		F2CB0B011BD7231500432562 /* PBXContainerItemProxy */ = {
			isa = PBXContainerItemProxy;
			containerPortal = F2CB0ADF1BD7231500432562 /* Project object */;
			proxyType = 1;
			remoteGlobalIDString = F2CB0AE61BD7231500432562;
			remoteInfo = OrderedList;
		};
/* End PBXContainerItemProxy section */

/* Begin PBXFileReference section */
		F2CB0AE71BD7231500432562 /* OrderedList.app */ = {isa = PBXFileReference; explicitFileType = wrapper.application; includeInIndex = 0; path = OrderedList.app; sourceTree = BUILT_PRODUCTS_DIR; };
		F2CB0AEB1BD7231500432562 /* main.m */ = {isa = PBXFileReference; lastKnownFileType = sourcecode.c.objc; path = main.m; sourceTree = "<group>"; };
		F2CB0AED1BD7231500432562 /* AppDelegate.h */ = {isa = PBXFileReference; lastKnownFileType = sourcecode.c.h; path = AppDelegate.h; sourceTree = "<group>"; };
		F2CB0AEE1BD7231500432562 /* AppDelegate.m */ = {isa = PBXFileReference; lastKnownFileType = sourcecode.c.objc; path = AppDelegate.m; sourceTree = "<group>"; };
		F2CB0AF01BD7231500432562 /* OrderedListVC.h */ = {isa = PBXFileReference; lastKnownFileType = sourcecode.c.h; path = OrderedListVC.h; sourceTree = "<group>"; };
		F2CB0AF11BD7231500432562 /* OrderedListVC.m */ = {isa = PBXFileReference; lastKnownFileType = sourcecode.c.objc; path = OrderedListVC.m; sourceTree = "<group>"; };
		F2CB0AF41BD7231500432562 /* Base */ = {isa = PBXFileReference; lastKnownFileType = file.storyboard; name = Base; path = Base.lproj/Main.storyboard; sourceTree = "<group>"; };
		F2CB0AF61BD7231500432562 /* Assets.xcassets */ = {isa = PBXFileReference; lastKnownFileType = folder.assetcatalog; path = Assets.xcassets; sourceTree = "<group>"; };
		F2CB0AF91BD7231500432562 /* Base */ = {isa = PBXFileReference; lastKnownFileType = file.storyboard; name = Base; path = Base.lproj/LaunchScreen.storyboard; sourceTree = "<group>"; };
		F2CB0AFB1BD7231500432562 /* Info.plist */ = {isa = PBXFileReference; lastKnownFileType = text.plist.xml; path = Info.plist; sourceTree = "<group>"; };
		F2CB0B001BD7231500432562 /* OrderedListTests.xctest */ = {isa = PBXFileReference; explicitFileType = wrapper.cfbundle; includeInIndex = 0; path = OrderedListTests.xctest; sourceTree = BUILT_PRODUCTS_DIR; };
		F2CB0B041BD7231600432562 /* OrderedListTests.m */ = {isa = PBXFileReference; lastKnownFileType = sourcecode.c.objc; path = OrderedListTests.m; sourceTree = "<group>"; };
		F2CB0B061BD7231600432562 /* Info.plist */ = {isa = PBXFileReference; lastKnownFileType = text.plist.xml; path = Info.plist; sourceTree = "<group>"; };
		F2CB0BA81BD872FB00432562 /* mediumText.txt */ = {isa = PBXFileReference; fileEncoding = 4; lastKnownFileType = text; path = mediumText.txt; sourceTree = "<group>"; };
		F2CB0BAA1BD8730900432562 /* largeText.txt */ = {isa = PBXFileReference; fileEncoding = 4; lastKnownFileType = text; path = largeText.txt; sourceTree = "<group>"; };
/* End PBXFileReference section */

/* Begin PBXFrameworksBuildPhase section */
		F2CB0AE41BD7231500432562 /* Frameworks */ = {
			isa = PBXFrameworksBuildPhase;
			buildActionMask = 2147483647;
			files = (
			);
			runOnlyForDeploymentPostprocessing = 0;
		};
		F2CB0AFD1BD7231500432562 /* Frameworks */ = {
			isa = PBXFrameworksBuildPhase;
			buildActionMask = 2147483647;
			files = (
			);
			runOnlyForDeploymentPostprocessing = 0;
		};
/* End PBXFrameworksBuildPhase section */

/* Begin PBXGroup section */
		F2CB0ADE1BD7231500432562 = {
			isa = PBXGroup;
			children = (
				F2CB0AE91BD7231500432562 /* OrderedList */,
				F2CB0B031BD7231600432562 /* OrderedListTests */,
				F2CB0AE81BD7231500432562 /* Products */,
			);
			sourceTree = "<group>";
		};
		F2CB0AE81BD7231500432562 /* Products */ = {
			isa = PBXGroup;
			children = (
				F2CB0AE71BD7231500432562 /* OrderedList.app */,
				F2CB0B001BD7231500432562 /* OrderedListTests.xctest */,
			);
			name = Products;
			sourceTree = "<group>";
		};
		F2CB0AE91BD7231500432562 /* OrderedList */ = {
			isa = PBXGroup;
			children = (
				F2CB0AED1BD7231500432562 /* AppDelegate.h */,
				F2CB0AEE1BD7231500432562 /* AppDelegate.m */,
				F2CB0AF01BD7231500432562 /* OrderedListVC.h */,
				F2CB0AF11BD7231500432562 /* OrderedListVC.m */,
				F2CB0AF31BD7231500432562 /* Main.storyboard */,
				F2CB0BA81BD872FB00432562 /* mediumText.txt */,
				F2CB0BAA1BD8730900432562 /* largeText.txt */,
				F2CB0BA51BD863B500432562 /* TestFiles */,
				F2CB0AF61BD7231500432562 /* Assets.xcassets */,
				F2CB0AF81BD7231500432562 /* LaunchScreen.storyboard */,
				F2CB0AFB1BD7231500432562 /* Info.plist */,
				F2CB0AEA1BD7231500432562 /* Supporting Files */,
			);
			path = OrderedList;
			sourceTree = "<group>";
		};
		F2CB0AEA1BD7231500432562 /* Supporting Files */ = {
			isa = PBXGroup;
			children = (
				F2CB0AEB1BD7231500432562 /* main.m */,
			);
			name = "Supporting Files";
			sourceTree = "<group>";
		};
		F2CB0B031BD7231600432562 /* OrderedListTests */ = {
			isa = PBXGroup;
			children = (
				F2CB0B041BD7231600432562 /* OrderedListTests.m */,
				F2CB0B061BD7231600432562 /* Info.plist */,
			);
			path = OrderedListTests;
			sourceTree = "<group>";
		};
		F2CB0BA51BD863B500432562 /* TestFiles */ = {
			isa = PBXGroup;
			children = (
			);
			name = TestFiles;
			sourceTree = "<group>";
		};
/* End PBXGroup section */

/* Begin PBXNativeTarget section */
		F2CB0AE61BD7231500432562 /* OrderedList */ = {
			isa = PBXNativeTarget;
			buildConfigurationList = F2CB0B091BD7231600432562 /* Build configuration list for PBXNativeTarget "OrderedList" */;
			buildPhases = (
				F2CB0AE31BD7231500432562 /* Sources */,
				F2CB0AE41BD7231500432562 /* Frameworks */,
				F2CB0AE51BD7231500432562 /* Resources */,
			);
			buildRules = (
			);
			dependencies = (
			);
			name = OrderedList;
			productName = OrderedList;
			productReference = F2CB0AE71BD7231500432562 /* OrderedList.app */;
			productType = "com.apple.product-type.application";
		};
		F2CB0AFF1BD7231500432562 /* OrderedListTests */ = {
			isa = PBXNativeTarget;
			buildConfigurationList = F2CB0B0C1BD7231600432562 /* Build configuration list for PBXNativeTarget "OrderedListTests" */;
			buildPhases = (
				F2CB0AFC1BD7231500432562 /* Sources */,
				F2CB0AFD1BD7231500432562 /* Frameworks */,
				F2CB0AFE1BD7231500432562 /* Resources */,
			);
			buildRules = (
			);
			dependencies = (
				F2CB0B021BD7231500432562 /* PBXTargetDependency */,
			);
			name = OrderedListTests;
			productName = OrderedListTests;
			productReference = F2CB0B001BD7231500432562 /* OrderedListTests.xctest */;
			productType = "com.apple.product-type.bundle.unit-test";
		};
/* End PBXNativeTarget section */

/* Begin PBXProject section */
		F2CB0ADF1BD7231500432562 /* Project object */ = {
			isa = PBXProject;
			attributes = {
				KnownAssetTags = (
					New,
				);
				LastUpgradeCheck = 0700;
				ORGANIZATIONNAME = Evernote;
				TargetAttributes = {
					F2CB0AE61BD7231500432562 = {
						CreatedOnToolsVersion = 7.0.1;
					};
					F2CB0AFF1BD7231500432562 = {
						CreatedOnToolsVersion = 7.0.1;
						TestTargetID = F2CB0AE61BD7231500432562;
					};
				};
			};
			buildConfigurationList = F2CB0AE21BD7231500432562 /* Build configuration list for PBXProject "OrderedList" */;
			compatibilityVersion = "Xcode 3.2";
			developmentRegion = English;
			hasScannedForEncodings = 0;
			knownRegions = (
				en,
				Base,
			);
			mainGroup = F2CB0ADE1BD7231500432562;
			productRefGroup = F2CB0AE81BD7231500432562 /* Products */;
			projectDirPath = "";
			projectRoot = "";
			targets = (
				F2CB0AE61BD7231500432562 /* OrderedList */,
				F2CB0AFF1BD7231500432562 /* OrderedListTests */,
			);
		};
/* End PBXProject section */

/* Begin PBXResourcesBuildPhase section */
		F2CB0AE51BD7231500432562 /* Resources */ = {
			isa = PBXResourcesBuildPhase;
			buildActionMask = 2147483647;
			files = (
				F2CB0AFA1BD7231500432562 /* LaunchScreen.storyboard in Resources */,
				F2CB0BAB1BD8730900432562 /* largeText.txt in Resources */,
				F2CB0AF71BD7231500432562 /* Assets.xcassets in Resources */,
				F2CB0AF51BD7231500432562 /* Main.storyboard in Resources */,
				F2CB0BA91BD872FB00432562 /* mediumText.txt in Resources */,
			);
			runOnlyForDeploymentPostprocessing = 0;
		};
		F2CB0AFE1BD7231500432562 /* Resources */ = {
			isa = PBXResourcesBuildPhase;
			buildActionMask = 2147483647;
			files = (
			);
			runOnlyForDeploymentPostprocessing = 0;
		};
/* End PBXResourcesBuildPhase section */

/* Begin PBXSourcesBuildPhase section */
		F2CB0AE31BD7231500432562 /* Sources */ = {
			isa = PBXSourcesBuildPhase;
			buildActionMask = 2147483647;
			files = (
				F2CB0AF21BD7231500432562 /* OrderedListVC.m in Sources */,
				F2CB0AEF1BD7231500432562 /* AppDelegate.m in Sources */,
				F2CB0AEC1BD7231500432562 /* main.m in Sources */,
			);
			runOnlyForDeploymentPostprocessing = 0;
		};
		F2CB0AFC1BD7231500432562 /* Sources */ = {
			isa = PBXSourcesBuildPhase;
			buildActionMask = 2147483647;
			files = (
				F2CB0B051BD7231600432562 /* OrderedListTests.m in Sources */,
			);
			runOnlyForDeploymentPostprocessing = 0;
		};
/* End PBXSourcesBuildPhase section */

/* Begin PBXTargetDependency section */
		F2CB0B021BD7231500432562 /* PBXTargetDependency */ = {
			isa = PBXTargetDependency;
			target = F2CB0AE61BD7231500432562 /* OrderedList */;
			targetProxy = F2CB0B011BD7231500432562 /* PBXContainerItemProxy */;
		};
/* End PBXTargetDependency section */

/* Begin PBXVariantGroup section */
		F2CB0AF31BD7231500432562 /* Main.storyboard */ = {
			isa = PBXVariantGroup;
			children = (
				F2CB0AF41BD7231500432562 /* Base */,
			);
			name = Main.storyboard;
			sourceTree = "<group>";
		};
		F2CB0AF81BD7231500432562 /* LaunchScreen.storyboard */ = {
			isa = PBXVariantGroup;
			children = (
				F2CB0AF91BD7231500432562 /* Base */,
			);
			name = LaunchScreen.storyboard;
			sourceTree = "<group>";
		};
/* End PBXVariantGroup section */

/* Begin XCBuildConfiguration section */
		F2CB0B071BD7231600432562 /* Debug */ = {
			isa = XCBuildConfiguration;
			buildSettings = {
				ALWAYS_SEARCH_USER_PATHS = NO;
				CLANG_CXX_LANGUAGE_STANDARD = "gnu++0x";
				CLANG_CXX_LIBRARY = "libc++";
				CLANG_ENABLE_MODULES = YES;
				CLANG_ENABLE_OBJC_ARC = YES;
				CLANG_WARN_BOOL_CONVERSION = YES;
				CLANG_WARN_CONSTANT_CONVERSION = YES;
				CLANG_WARN_DIRECT_OBJC_ISA_USAGE = YES_ERROR;
				CLANG_WARN_EMPTY_BODY = YES;
				CLANG_WARN_ENUM_CONVERSION = YES;
				CLANG_WARN_INT_CONVERSION = YES;
				CLANG_WARN_OBJC_ROOT_CLASS = YES_ERROR;
				CLANG_WARN_UNREACHABLE_CODE = YES;
				CLANG_WARN__DUPLICATE_METHOD_MATCH = YES;
				"CODE_SIGN_IDENTITY[sdk=iphoneos*]" = "iPhone Developer";
				COPY_PHASE_STRIP = NO;
				DEBUG_INFORMATION_FORMAT = dwarf;
				ENABLE_STRICT_OBJC_MSGSEND = YES;
				ENABLE_TESTABILITY = YES;
				GCC_C_LANGUAGE_STANDARD = gnu99;
				GCC_DYNAMIC_NO_PIC = NO;
				GCC_NO_COMMON_BLOCKS = YES;
				GCC_OPTIMIZATION_LEVEL = 0;
				GCC_PREPROCESSOR_DEFINITIONS = (
					"DEBUG=1",
					"$(inherited)",
				);
				GCC_WARN_64_TO_32_BIT_CONVERSION = YES;
				GCC_WARN_ABOUT_RETURN_TYPE = YES_ERROR;
				GCC_WARN_UNDECLARED_SELECTOR = YES;
				GCC_WARN_UNINITIALIZED_AUTOS = YES_AGGRESSIVE;
				GCC_WARN_UNUSED_FUNCTION = YES;
				GCC_WARN_UNUSED_VARIABLE = YES;
				IPHONEOS_DEPLOYMENT_TARGET = 9.0;
				MTL_ENABLE_DEBUG_INFO = YES;
				ONLY_ACTIVE_ARCH = YES;
				SDKROOT = iphoneos;
			};
			name = Debug;
		};
		F2CB0B081BD7231600432562 /* Release */ = {
			isa = XCBuildConfiguration;
			buildSettings = {
				ALWAYS_SEARCH_USER_PATHS = NO;
				CLANG_CXX_LANGUAGE_STANDARD = "gnu++0x";
				CLANG_CXX_LIBRARY = "libc++";
				CLANG_ENABLE_MODULES = YES;
				CLANG_ENABLE_OBJC_ARC = YES;
				CLANG_WARN_BOOL_CONVERSION = YES;
				CLANG_WARN_CONSTANT_CONVERSION = YES;
				CLANG_WARN_DIRECT_OBJC_ISA_USAGE = YES_ERROR;
				CLANG_WARN_EMPTY_BODY = YES;
				CLANG_WARN_ENUM_CONVERSION = YES;
				CLANG_WARN_INT_CONVERSION = YES;
				CLANG_WARN_OBJC_ROOT_CLASS = YES_ERROR;
				CLANG_WARN_UNREACHABLE_CODE = YES;
				CLANG_WARN__DUPLICATE_METHOD_MATCH = YES;
				"CODE_SIGN_IDENTITY[sdk=iphoneos*]" = "iPhone Developer";
				COPY_PHASE_STRIP = NO;
				DEBUG_INFORMATION_FORMAT = "dwarf-with-dsym";
				ENABLE_NS_ASSERTIONS = NO;
				ENABLE_STRICT_OBJC_MSGSEND = YES;
				GCC_C_LANGUAGE_STANDARD = gnu99;
				GCC_NO_COMMON_BLOCKS = YES;
				GCC_WARN_64_TO_32_BIT_CONVERSION = YES;
				GCC_WARN_ABOUT_RETURN_TYPE = YES_ERROR;
				GCC_WARN_UNDECLARED_SELECTOR = YES;
				GCC_WARN_UNINITIALIZED_AUTOS = YES_AGGRESSIVE;
				GCC_WARN_UNUSED_FUNCTION = YES;
				GCC_WARN_UNUSED_VARIABLE = YES;
				IPHONEOS_DEPLOYMENT_TARGET = 9.0;
				MTL_ENABLE_DEBUG_INFO = NO;
				SDKROOT = iphoneos;
				VALIDATE_PRODUCT = YES;
			};
			name = Release;
		};
		F2CB0B0A1BD7231600432562 /* Debug */ = {
			isa = XCBuildConfiguration;
			buildSettings = {
				ASSETCATALOG_COMPILER_APPICON_NAME = AppIcon;
				INFOPLIST_FILE = OrderedList/Info.plist;
				LD_RUNPATH_SEARCH_PATHS = "$(inherited) @executable_path/Frameworks";
				PRODUCT_BUNDLE_IDENTIFIER = Evernote.OrderedList;
				PRODUCT_NAME = "$(TARGET_NAME)";
			};
			name = Debug;
		};
		F2CB0B0B1BD7231600432562 /* Release */ = {
			isa = XCBuildConfiguration;
			buildSettings = {
				ASSETCATALOG_COMPILER_APPICON_NAME = AppIcon;
				INFOPLIST_FILE = OrderedList/Info.plist;
				LD_RUNPATH_SEARCH_PATHS = "$(inherited) @executable_path/Frameworks";
				PRODUCT_BUNDLE_IDENTIFIER = Evernote.OrderedList;
				PRODUCT_NAME = "$(TARGET_NAME)";
			};
			name = Release;
		};
		F2CB0B0D1BD7231600432562 /* Debug */ = {
			isa = XCBuildConfiguration;
			buildSettings = {
				BUNDLE_LOADER = "$(TEST_HOST)";
				INFOPLIST_FILE = OrderedListTests/Info.plist;
				LD_RUNPATH_SEARCH_PATHS = "$(inherited) @executable_path/Frameworks @loader_path/Frameworks";
				PRODUCT_BUNDLE_IDENTIFIER = Evernote.OrderedListTests;
				PRODUCT_NAME = "$(TARGET_NAME)";
				TEST_HOST = "$(BUILT_PRODUCTS_DIR)/OrderedList.app/OrderedList";
			};
			name = Debug;
		};
		F2CB0B0E1BD7231600432562 /* Release */ = {
			isa = XCBuildConfiguration;
			buildSettings = {
				BUNDLE_LOADER = "$(TEST_HOST)";
				INFOPLIST_FILE = OrderedListTests/Info.plist;
				LD_RUNPATH_SEARCH_PATHS = "$(inherited) @executable_path/Frameworks @loader_path/Frameworks";
				PRODUCT_BUNDLE_IDENTIFIER = Evernote.OrderedListTests;
				PRODUCT_NAME = "$(TARGET_NAME)";
				TEST_HOST = "$(BUILT_PRODUCTS_DIR)/OrderedList.app/OrderedList";
			};
			name = Release;
		};
/* End XCBuildConfiguration section */

/* Begin XCConfigurationList section */
		F2CB0AE21BD7231500432562 /* Build configuration list for PBXProject "OrderedList" */ = {
			isa = XCConfigurationList;
			buildConfigurations = (
				F2CB0B071BD7231600432562 /* Debug */,
				F2CB0B081BD7231600432562 /* Release */,
			);
			defaultConfigurationIsVisible = 0;
			defaultConfigurationName = Release;
		};
		F2CB0B091BD7231600432562 /* Build configuration list for PBXNativeTarget "OrderedList" */ = {
			isa = XCConfigurationList;
			buildConfigurations = (
				F2CB0B0A1BD7231600432562 /* Debug */,
				F2CB0B0B1BD7231600432562 /* Release */,
			);
			defaultConfigurationIsVisible = 0;
			defaultConfigurationName = Release;
		};
		F2CB0B0C1BD7231600432562 /* Build configuration list for PBXNativeTarget "OrderedListTests" */ = {
			isa = XCConfigurationList;
			buildConfigurations = (
				F2CB0B0D1BD7231600432562 /* Debug */,
				F2CB0B0E1BD7231600432562 /* Release */,
			);
			defaultConfigurationIsVisible = 0;
			defaultConfigurationName = Release;
		};
/* End XCConfigurationList section */
	};
	rootObject = F2CB0ADF1BD7231500432562 /* Project object */;
}
